
Microsoft Visual Studio Solution File, Format Version 12.00
# Visual Studio Version 16
VisualStudioVersion = 16.0.29318.209
MinimumVisualStudioVersion = 10.0.40219.1
Project("{FAE04EC0-301F-11D3-BF4B-00C04F79EFBC}") = "CarRentalInteractiveGUI", "CarRentalInteractiveGUI\CarRentalInteractiveGUI.csproj", "{83E2A01D-F755-4EC3-BA6D-379E2E8FC172}"
EndProject
Global
	GlobalSection(SolutionConfigurationPlatforms) = preSolution
		Debug|Any CPU = Debug|Any CPU
		Release|Any CPU = Release|Any CPU
	EndGlobalSection
	GlobalSection(ProjectConfigurationPlatforms) = postSolution
		{83E2A01D-F755-4EC3-BA6D-379E2E8FC172}.Debug|Any CPU.ActiveCfg = Debug|Any CPU
		{83E2A01D-F755-4EC3-BA6D-379E2E8FC172}.Debug|Any CPU.Build.0 = Debug|Any CPU
		{83E2A01D-F755-4EC3-BA6D-379E2E8FC172}.Release|Any CPU.ActiveCfg = Release|Any CPU
		{83E2A01D-F755-4EC3-BA6D-379E2E8FC172}.Release|Any CPU.Build.0 = Release|Any CPU
	EndGlobalSection
	GlobalSection(SolutionProperties) = preSolution
		HideSolutionNode = FALSE
	EndGlobalSection
	GlobalSection(ExtensibilityGlobals) = postSolution
		SolutionGuid = {6D4EB274-BF19-42D0-A914-47B5066F5EAF}
	EndGlobalSection
EndGlobal
